{
  "requires": true,
  "lockfileVersion": 1,
  "dependencies": {
    "react-hooks-useform": {
      "version": "0.1.64",
      "resolved": "https://registry.npmjs.org/react-hooks-useform/-/react-hooks-useform-0.1.64.tgz",
      "integrity": "sha512-2M1CIss+Yqc13aMBu5KJ2ewLeyAk7WKknJ0ee+gIgCw0VGXU//w2uI6Qe00zM4hwdKI4NljPy061E0jRJFy4Bw=="
    }
  }
}
